
Microsoft Visual Studio Solution File, Format Version 12.00
# Visual Studio Version 17
VisualStudioVersion = 17.3.32922.545
MinimumVisualStudioVersion = 10.0.40219.1
Project("{9A19103F-16F7-4668-BE54-9A1E7A4F7556}") = "TPBank.Entities", "TPBank.Entities\TPBank.Entities.csproj", "{A29476DB-9BB8-496E-9531-AD50E1DEF4FA}"
EndProject
Project("{9A19103F-16F7-4668-BE54-9A1E7A4F7556}") = "TPBank.Exceptions", "TPBank.Exceptions\TPBank.Exceptions.csproj", "{A1A1DBC0-6BD2-4388-A350-E509F72DD29C}"
EndProject
Project("{9A19103F-16F7-4668-BE54-9A1E7A4F7556}") = "TPBank.DataAccessLayer", "TPBank.DataAccessLayer\TPBank.DataAccessLayer.csproj", "{F253B614-BEED-45B6-A7FB-B9F4407421F2}"
EndProject
Project("{9A19103F-16F7-4668-BE54-9A1E7A4F7556}") = "TPBank.BusinessLogicLayer", "TPBank.BusinessLogicLayer\TPBank.BusinessLogicLayer.csproj", "{C97BA667-6A82-4FAA-A9EF-0846A7DE78C2}"
EndProject
Project("{FAE04EC0-301F-11D3-BF4B-00C04F79EFBC}") = "TPBank.PresentationLayer", "TPBank.PresentationLayer\TPBank.PresentationLayer.csproj", "{E6247044-9737-4BFD-9770-7671E78734EB}"
EndProject
Global
	GlobalSection(SolutionConfigurationPlatforms) = preSolution
		Debug|Any CPU = Debug|Any CPU
		Release|Any CPU = Release|Any CPU
	EndGlobalSection
	GlobalSection(ProjectConfigurationPlatforms) = postSolution
		{A29476DB-9BB8-496E-9531-AD50E1DEF4FA}.Debug|Any CPU.ActiveCfg = Debug|Any CPU
		{A29476DB-9BB8-496E-9531-AD50E1DEF4FA}.Debug|Any CPU.Build.0 = Debug|Any CPU
		{A29476DB-9BB8-496E-9531-AD50E1DEF4FA}.Release|Any CPU.ActiveCfg = Release|Any CPU
		{A29476DB-9BB8-496E-9531-AD50E1DEF4FA}.Release|Any CPU.Build.0 = Release|Any CPU
		{A1A1DBC0-6BD2-4388-A350-E509F72DD29C}.Debug|Any CPU.ActiveCfg = Debug|Any CPU
		{A1A1DBC0-6BD2-4388-A350-E509F72DD29C}.Debug|Any CPU.Build.0 = Debug|Any CPU
		{A1A1DBC0-6BD2-4388-A350-E509F72DD29C}.Release|Any CPU.ActiveCfg = Release|Any CPU
		{A1A1DBC0-6BD2-4388-A350-E509F72DD29C}.Release|Any CPU.Build.0 = Release|Any CPU
		{F253B614-BEED-45B6-A7FB-B9F4407421F2}.Debug|Any CPU.ActiveCfg = Debug|Any CPU
		{F253B614-BEED-45B6-A7FB-B9F4407421F2}.Debug|Any CPU.Build.0 = Debug|Any CPU
		{F253B614-BEED-45B6-A7FB-B9F4407421F2}.Release|Any CPU.ActiveCfg = Release|Any CPU
		{F253B614-BEED-45B6-A7FB-B9F4407421F2}.Release|Any CPU.Build.0 = Release|Any CPU
		{C97BA667-6A82-4FAA-A9EF-0846A7DE78C2}.Debug|Any CPU.ActiveCfg = Debug|Any CPU
		{C97BA667-6A82-4FAA-A9EF-0846A7DE78C2}.Debug|Any CPU.Build.0 = Debug|Any CPU
		{C97BA667-6A82-4FAA-A9EF-0846A7DE78C2}.Release|Any CPU.ActiveCfg = Release|Any CPU
		{C97BA667-6A82-4FAA-A9EF-0846A7DE78C2}.Release|Any CPU.Build.0 = Release|Any CPU
		{E6247044-9737-4BFD-9770-7671E78734EB}.Debug|Any CPU.ActiveCfg = Debug|Any CPU
		{E6247044-9737-4BFD-9770-7671E78734EB}.Debug|Any CPU.Build.0 = Debug|Any CPU
		{E6247044-9737-4BFD-9770-7671E78734EB}.Release|Any CPU.ActiveCfg = Release|Any CPU
		{E6247044-9737-4BFD-9770-7671E78734EB}.Release|Any CPU.Build.0 = Release|Any CPU
	EndGlobalSection
	GlobalSection(SolutionProperties) = preSolution
		HideSolutionNode = FALSE
	EndGlobalSection
	GlobalSection(ExtensibilityGlobals) = postSolution
		SolutionGuid = {0327526A-058F-42EB-B042-33D927655D38}
	EndGlobalSection
EndGlobal
